
Microsoft Visual Studio Solution File, Format Version 12.00
# Visual Studio Version 17
VisualStudioVersion = 17.8.34408.163
MinimumVisualStudioVersion = 10.0.40219.1
Project("{9A19103F-16F7-4668-BE54-9A1E7A4F7556}") = "Mission6_Christensen", "Mission5\Mission6_Christensen.csproj", "{690965C0-DC15-4DC1-96C2-2D651D9663D8}"
EndProject
Global
	GlobalSection(SolutionConfigurationPlatforms) = preSolution
		Debug|Any CPU = Debug|Any CPU
		Release|Any CPU = Release|Any CPU
	EndGlobalSection
	GlobalSection(ProjectConfigurationPlatforms) = postSolution
		{690965C0-DC15-4DC1-96C2-2D651D9663D8}.Debug|Any CPU.ActiveCfg = Debug|Any CPU
		{690965C0-DC15-4DC1-96C2-2D651D9663D8}.Debug|Any CPU.Build.0 = Debug|Any CPU
		{690965C0-DC15-4DC1-96C2-2D651D9663D8}.Release|Any CPU.ActiveCfg = Release|Any CPU
		{690965C0-DC15-4DC1-96C2-2D651D9663D8}.Release|Any CPU.Build.0 = Release|Any CPU
	EndGlobalSection
	GlobalSection(SolutionProperties) = preSolution
		HideSolutionNode = FALSE
	EndGlobalSection
	GlobalSection(ExtensibilityGlobals) = postSolution
		SolutionGuid = {6BC33F3D-6DD0-41DF-AD12-07A425A6B3B8}
	EndGlobalSection
EndGlobal
